<?xml version="1.0" encoding="utf-8"?>
<Project ToolsVersion="4.0" xmlns="http://schemas.microsoft.com/developer/msbuild/2003">
  <ItemGroup>
    <Filter Include="소스 파일">
      <UniqueIdentifier>{4FC737F1-C7A5-4376-A066-2A32D752A2FF}</UniqueIdentifier>
      <Extensions>cpp;c;cc;cxx;c++;cppm;ixx;def;odl;idl;hpj;bat;asm;asmx</Extensions>
    </Filter>
    <Filter Include="헤더 파일">
      <UniqueIdentifier>{93995380-89BD-4b04-88EB-625FBE52EBFB}</UniqueIdentifier>
      <Extensions>h;hh;hpp;hxx;h++;hm;inl;inc;ipp;xsd</Extensions>
    </Filter>
    <Filter Include="리소스 파일">
      <UniqueIdentifier>{67DA6AB6-F800-4c08-8B7A-83BB121AAD01}</UniqueIdentifier>
      <Extensions>rc;ico;cur;bmp;dlg;rc2;rct;bin;rgs;gif;jpg;jpeg;jpe;resx;tiff;tif;png;wav;mfcribbon-ms</Extensions>
    </Filter>
    <Filter Include="01.Engine">
      <UniqueIdentifier>{ac2ce126-7917-474b-83ba-0b8d051ceea3}</UniqueIdentifier>
    </Filter>
    <Filter Include="01.Engine\Core">
      <UniqueIdentifier>{7f2a383d-21f2-452b-b22d-a5b7b95266a3}</UniqueIdentifier>
    </Filter>
    <Filter Include="01.Engine\Manager">
      <UniqueIdentifier>{4b1d2fa4-466a-4d22-918d-5ef448f6519e}</UniqueIdentifier>
    </Filter>
    <Filter Include="02.Util">
      <UniqueIdentifier>{e25a48fd-98e1-430d-80b4-14de931c9873}</UniqueIdentifier>
    </Filter>
    <Filter Include="03.GameObject">
      <UniqueIdentifier>{6bef62df-a19d-44de-b882-9a8ad6d3887d}</UniqueIdentifier>
    </Filter>
    <Filter Include="03.GameObject\Tile">
      <UniqueIdentifier>{123bcafb-9f98-4469-8c38-cf18a714db97}</UniqueIdentifier>
    </Filter>
    <Filter Include="03.GameObject\Object">
      <UniqueIdentifier>{f18e6dff-09f3-4451-92fc-78431d3341d5}</UniqueIdentifier>
    </Filter>
    <Filter Include="03.GameObject\UI">
      <UniqueIdentifier>{014b1227-f121-4153-a5d2-682d8ce6bcf9}</UniqueIdentifier>
    </Filter>
    <Filter Include="05.Scene">
      <UniqueIdentifier>{e83aa916-e208-46ff-8d34-cfab586b3868}</UniqueIdentifier>
    </Filter>
    <Filter Include="06.Resource">
      <UniqueIdentifier>{af8c72e4-4a05-479a-9476-8e994b2984e9}</UniqueIdentifier>
    </Filter>
    <Filter Include="04.Component">
      <UniqueIdentifier>{d21cbee9-9e0a-437b-8f63-cbca6a1f466d}</UniqueIdentifier>
    </Filter>
    <Filter Include="04.Component\State">
      <UniqueIdentifier>{a07a585d-ecc9-4412-a750-6857eb0a1b54}</UniqueIdentifier>
    </Filter>
    <Filter Include="03.GameObject\Object\Player">
      <UniqueIdentifier>{bc7112fc-79d6-447d-90f4-f816d0c037c3}</UniqueIdentifier>
    </Filter>
    <Filter Include="03.GameObject\Object\MapObject">
      <UniqueIdentifier>{869bb6a3-1e1a-4bd6-9850-0b402b21653e}</UniqueIdentifier>
    </Filter>
    <Filter Include="03.GameObject\Object\Effect">
      <UniqueIdentifier>{345ff831-5956-4731-83f2-b03b24f9adf6}</UniqueIdentifier>
    </Filter>
    <Filter Include="03.GameObject\Object\Enemy">
      <UniqueIdentifier>{c93368f1-7ab3-4263-af9d-e55414aefac4}</UniqueIdentifier>
    </Filter>
    <Filter Include="03.GameObject\FuncObj">
      <UniqueIdentifier>{e10098c6-9452-4946-93bf-642246c0c767}</UniqueIdentifier>
    </Filter>
    <Filter Include="04.Component\State\PlayerState">
      <UniqueIdentifier>{9aa3db5c-46a7-4032-b6b1-4ceb8b5c59da}</UniqueIdentifier>
    </Filter>
    <Filter Include="04.Component\State\BossState">
      <UniqueIdentifier>{c06df55e-c01e-4017-80eb-c9e3820e95af}</UniqueIdentifier>
    </Filter>
    <Filter Include="04.Component\State\EnemyState">
      <UniqueIdentifier>{c5e52706-43d4-4bb2-ad04-9d651e46f486}</UniqueIdentifier>
    </Filter>
    <Filter Include="03.GameObject\Object\Other">
      <UniqueIdentifier>{58527d36-7239-4dc6-88a7-e47d1c27d3a3}</UniqueIdentifier>
    </Filter>
    <Filter Include="03.GameObject\Object\Item">
      <UniqueIdentifier>{c7a4b27c-5102-40a1-a617-6eb63f003ebb}</UniqueIdentifier>
    </Filter>
  </ItemGroup>
  <ItemGroup>
    <ClInclude Include="framework.h">
      <Filter>헤더 파일</Filter>
    </ClInclude>
    <ClInclude Include="targetver.h">
      <Filter>헤더 파일</Filter>
    </ClInclude>
    <ClInclude Include="Resource.h">
      <Filter>헤더 파일</Filter>
    </ClInclude>
    <ClInclude Include="WinAPI_Skul.h">
      <Filter>헤더 파일</Filter>
    </ClInclude>
    <ClInclude Include="pch.h">
      <Filter>헤더 파일</Filter>
    </ClInclude>
    <ClInclude Include="CCore.h">
      <Filter>01.Engine\Core</Filter>
    </ClInclude>
    <ClInclude Include="CCameraManager.h">
      <Filter>01.Engine\Manager</Filter>
    </ClInclude>
    <ClInclude Include="CCollisionManager.h">
      <Filter>01.Engine\Manager</Filter>
    </ClInclude>
    <ClInclude Include="CEventManager.h">
      <Filter>01.Engine\Manager</Filter>
    </ClInclude>
    <ClInclude Include="CKeyManager.h">
      <Filter>01.Engine\Manager</Filter>
    </ClInclude>
    <ClInclude Include="CPathManager.h">
      <Filter>01.Engine\Manager</Filter>
    </ClInclude>
    <ClInclude Include="CResourceManager.h">
      <Filter>01.Engine\Manager</Filter>
    </ClInclude>
    <ClInclude Include="CSceneManager.h">
      <Filter>01.Engine\Manager</Filter>
    </ClInclude>
    <ClInclude Include="CSoundManager.h">
      <Filter>01.Engine\Manager</Filter>
    </ClInclude>
    <ClInclude Include="CTimeManager.h">
      <Filter>01.Engine\Manager</Filter>
    </ClInclude>
    <ClInclude Include="CUIManager.h">
      <Filter>01.Engine\Manager</Filter>
    </ClInclude>
    <ClInclude Include="CAnimation.h">
      <Filter>04.Component</Filter>
    </ClInclude>
    <ClInclude Include="CAnimator.h">
      <Filter>04.Component</Filter>
    </ClInclude>
    <ClInclude Include="CCollider.h">
      <Filter>04.Component</Filter>
    </ClInclude>
    <ClInclude Include="CUIButton.h">
      <Filter>03.GameObject\UI</Filter>
    </ClInclude>
    <ClInclude Include="CUI.h">
      <Filter>03.GameObject\UI</Filter>
    </ClInclude>
    <ClInclude Include="CUIPanel.h">
      <Filter>03.GameObject\UI</Filter>
    </ClInclude>
    <ClInclude Include="CTile.h">
      <Filter>03.GameObject\Tile</Filter>
    </ClInclude>
    <ClInclude Include="CScene.h">
      <Filter>05.Scene</Filter>
    </ClInclude>
    <ClInclude Include="CSound.h">
      <Filter>06.Resource</Filter>
    </ClInclude>
    <ClInclude Include="CTexture.h">
      <Filter>06.Resource</Filter>
    </ClInclude>
    <ClInclude Include="CResource.h">
      <Filter>06.Resource</Filter>
    </ClInclude>
    <ClInclude Include="Logger.h">
      <Filter>02.Util</Filter>
    </ClInclude>
    <ClInclude Include="CSingleton.h">
      <Filter>02.Util</Filter>
    </ClInclude>
    <ClInclude Include="function.h">
      <Filter>02.Util</Filter>
    </ClInclude>
    <ClInclude Include="enumClass.h">
      <Filter>02.Util</Filter>
    </ClInclude>
    <ClInclude Include="struct.h">
      <Filter>02.Util</Filter>
    </ClInclude>
    <ClInclude Include="CRenderManager.h">
      <Filter>01.Engine\Manager</Filter>
    </ClInclude>
    <ClInclude Include="CSceneStart.h">
      <Filter>05.Scene</Filter>
    </ClInclude>
    <ClInclude Include="CD2DImage.h">
      <Filter>06.Resource</Filter>
    </ClInclude>
    <ClInclude Include="CSceneTool.h">
      <Filter>05.Scene</Filter>
    </ClInclude>
    <ClInclude Include="CSceneInGame.h">
      <Filter>05.Scene</Filter>
    </ClInclude>
    <ClInclude Include="CUICursor.h">
      <Filter>03.GameObject\UI</Filter>
    </ClInclude>
    <ClInclude Include="CPlayer.h">
      <Filter>03.GameObject\Object\Player</Filter>
    </ClInclude>
    <ClInclude Include="CState.h">
      <Filter>04.Component\State</Filter>
    </ClInclude>
    <ClInclude Include="CGameManager.h">
      <Filter>01.Engine\Manager</Filter>
    </ClInclude>
    <ClInclude Include="CEnemyBoss.h">
      <Filter>03.GameObject\Object\Enemy</Filter>
    </ClInclude>
    <ClInclude Include="CEnemyRange.h">
      <Filter>03.GameObject\Object\Enemy</Filter>
    </ClInclude>
    <ClInclude Include="CEnemyMelee.h">
      <Filter>03.GameObject\Object\Enemy</Filter>
    </ClInclude>
    <ClInclude Include="CGate.h">
      <Filter>03.GameObject\Object\MapObject</Filter>
    </ClInclude>
    <ClInclude Include="CMapObject.h">
      <Filter>03.GameObject\Object\MapObject</Filter>
    </ClInclude>
    <ClInclude Include="CEnemy.h">
      <Filter>03.GameObject\Object\Enemy</Filter>
    </ClInclude>
    <ClInclude Include="CEffect.h">
      <Filter>03.GameObject\Object\Effect</Filter>
    </ClInclude>
    <ClInclude Include="CUITileBtn.h">
      <Filter>03.GameObject\UI</Filter>
    </ClInclude>
    <ClInclude Include="CUIImage.h">
      <Filter>03.GameObject\UI</Filter>
    </ClInclude>
    <ClInclude Include="CUIText.h">
      <Filter>03.GameObject\UI</Filter>
    </ClInclude>
    <ClInclude Include="Stateheader.h">
      <Filter>04.Component\State</Filter>
    </ClInclude>
    <ClInclude Include="CAttack.h">
      <Filter>03.GameObject\FuncObj</Filter>
    </ClInclude>
    <ClInclude Include="CMeleeAttack.h">
      <Filter>03.GameObject\FuncObj</Filter>
    </ClInclude>
    <ClInclude Include="CProjectile.h">
      <Filter>03.GameObject\FuncObj</Filter>
    </ClInclude>
    <ClInclude Include="CSceneBoss.h">
      <Filter>05.Scene</Filter>
    </ClInclude>
    <ClInclude Include="CBossState.h">
      <Filter>04.Component\State\BossState</Filter>
    </ClInclude>
    <ClInclude Include="CBossStateIdle.h">
      <Filter>04.Component\State\BossState</Filter>
    </ClInclude>
    <ClInclude Include="CBossStateSlam.h">
      <Filter>04.Component\State\BossState</Filter>
    </ClInclude>
    <ClInclude Include="CBossStateSweep.h">
      <Filter>04.Component\State\BossState</Filter>
    </ClInclude>
    <ClInclude Include="CBossStateChange.h">
      <Filter>04.Component\State\BossState</Filter>
    </ClInclude>
    <ClInclude Include="CBossStateBomb.h">
      <Filter>04.Component\State\BossState</Filter>
    </ClInclude>
    <ClInclude Include="CBossStateIdleP2.h">
      <Filter>04.Component\State\BossState</Filter>
    </ClInclude>
    <ClInclude Include="CHealthBar.h">
      <Filter>04.Component</Filter>
    </ClInclude>
    <ClInclude Include="CBossStateDie.h">
      <Filter>04.Component\State\BossState</Filter>
    </ClInclude>
    <ClInclude Include="CHunter.h">
      <Filter>03.GameObject\Object\Player</Filter>
    </ClInclude>
    <ClInclude Include="CEnemyStateAppear.h">
      <Filter>04.Component\State\EnemyState</Filter>
    </ClInclude>
    <ClInclude Include="CEnemyStateAttack.h">
      <Filter>04.Component\State\EnemyState</Filter>
    </ClInclude>
    <ClInclude Include="CEnemyStateDie.h">
      <Filter>04.Component\State\EnemyState</Filter>
    </ClInclude>
    <ClInclude Include="CEnemyStateFall.h">
      <Filter>04.Component\State\EnemyState</Filter>
    </ClInclude>
    <ClInclude Include="CEnemyStateIdle.h">
      <Filter>04.Component\State\EnemyState</Filter>
    </ClInclude>
    <ClInclude Include="CEnemyStateTrace.h">
      <Filter>04.Component\State\EnemyState</Filter>
    </ClInclude>
    <ClInclude Include="CPlayerState.h">
      <Filter>04.Component\State\PlayerState</Filter>
    </ClInclude>
    <ClInclude Include="CPlayerStateIdle.h">
      <Filter>04.Component\State\PlayerState</Filter>
    </ClInclude>
    <ClInclude Include="CPlayerStateJump.h">
      <Filter>04.Component\State\PlayerState</Filter>
    </ClInclude>
    <ClInclude Include="CPlayerStateMove.h">
      <Filter>04.Component\State\PlayerState</Filter>
    </ClInclude>
    <ClInclude Include="CPlayerStateFall.h">
      <Filter>04.Component\State\PlayerState</Filter>
    </ClInclude>
    <ClInclude Include="CPlayerStateJumpAttack.h">
      <Filter>04.Component\State\PlayerState</Filter>
    </ClInclude>
    <ClInclude Include="CPlayerStateSkillA.h">
      <Filter>04.Component\State\PlayerState</Filter>
    </ClInclude>
    <ClInclude Include="CPlayerStateSkillB.h">
      <Filter>04.Component\State\PlayerState</Filter>
    </ClInclude>
    <ClInclude Include="CPlayerStateAttack.h">
      <Filter>04.Component\State\PlayerState</Filter>
    </ClInclude>
    <ClInclude Include="CPlayerStateDash.h">
      <Filter>04.Component\State\PlayerState</Filter>
    </ClInclude>
    <ClInclude Include="CEnemyState.h">
      <Filter>04.Component\State\EnemyState</Filter>
    </ClInclude>
    <ClInclude Include="CImageObj.h">
      <Filter>03.GameObject\Object\Other</Filter>
    </ClInclude>
    <ClInclude Include="CLineObj.h">
      <Filter>03.GameObject\Object\Other</Filter>
    </ClInclude>
    <ClInclude Include="CObject.h">
      <Filter>03.GameObject\Object\Other</Filter>
    </ClInclude>
    <ClInclude Include="CTextObj.h">
      <Filter>03.GameObject\Object\Other</Filter>
    </ClInclude>
    <ClInclude Include="CLittleBorn.h">
      <Filter>03.GameObject\Object\Player</Filter>
    </ClInclude>
    <ClInclude Include="CArrow.h">
      <Filter>03.GameObject\FuncObj</Filter>
    </ClInclude>
    <ClInclude Include="CBall.h">
      <Filter>03.GameObject\FuncObj</Filter>
    </ClInclude>
    <ClInclude Include="CSfx.h">
      <Filter>03.GameObject\Object\Effect</Filter>
    </ClInclude>
    <ClInclude Include="CVfx.h">
      <Filter>03.GameObject\Object\Effect</Filter>
    </ClInclude>
    <ClInclude Include="CObjGenerator.h">
      <Filter>03.GameObject\Object\Other</Filter>
    </ClInclude>
    <ClInclude Include="CBorn.h">
      <Filter>03.GameObject\Object\Item</Filter>
    </ClInclude>
    <ClInclude Include="CItem.h">
      <Filter>03.GameObject\Object\Item</Filter>
    </ClInclude>
  </ItemGroup>
  <ItemGroup>
    <ClCompile Include="WinAPI_Skul.cpp">
      <Filter>소스 파일</Filter>
    </ClCompile>
    <ClCompile Include="pch.cpp">
      <Filter>소스 파일</Filter>
    </ClCompile>
    <ClCompile Include="CCore.cpp">
      <Filter>01.Engine\Core</Filter>
    </ClCompile>
    <ClCompile Include="CCameraManager.cpp">
      <Filter>01.Engine\Manager</Filter>
    </ClCompile>
    <ClCompile Include="CCollisionManager.cpp">
      <Filter>01.Engine\Manager</Filter>
    </ClCompile>
    <ClCompile Include="CEventManager.cpp">
      <Filter>01.Engine\Manager</Filter>
    </ClCompile>
    <ClCompile Include="CKeyManager.cpp">
      <Filter>01.Engine\Manager</Filter>
    </ClCompile>
    <ClCompile Include="CPathManager.cpp">
      <Filter>01.Engine\Manager</Filter>
    </ClCompile>
    <ClCompile Include="CResourceManager.cpp">
      <Filter>01.Engine\Manager</Filter>
    </ClCompile>
    <ClCompile Include="CSceneManager.cpp">
      <Filter>01.Engine\Manager</Filter>
    </ClCompile>
    <ClCompile Include="CSoundManager.cpp">
      <Filter>01.Engine\Manager</Filter>
    </ClCompile>
    <ClCompile Include="CTimeManager.cpp">
      <Filter>01.Engine\Manager</Filter>
    </ClCompile>
    <ClCompile Include="CUIManager.cpp">
      <Filter>01.Engine\Manager</Filter>
    </ClCompile>
    <ClCompile Include="CAnimation.cpp">
      <Filter>04.Component</Filter>
    </ClCompile>
    <ClCompile Include="CAnimator.cpp">
      <Filter>04.Component</Filter>
    </ClCompile>
    <ClCompile Include="CCollider.cpp">
      <Filter>04.Component</Filter>
    </ClCompile>
    <ClCompile Include="CUIPanel.cpp">
      <Filter>03.GameObject\UI</Filter>
    </ClCompile>
    <ClCompile Include="CUI.cpp">
      <Filter>03.GameObject\UI</Filter>
    </ClCompile>
    <ClCompile Include="CUIButton.cpp">
      <Filter>03.GameObject\UI</Filter>
    </ClCompile>
    <ClCompile Include="CTile.cpp">
      <Filter>03.GameObject\Tile</Filter>
    </ClCompile>
    <ClCompile Include="CScene.cpp">
      <Filter>05.Scene</Filter>
    </ClCompile>
    <ClCompile Include="CTexture.cpp">
      <Filter>06.Resource</Filter>
    </ClCompile>
    <ClCompile Include="CSound.cpp">
      <Filter>06.Resource</Filter>
    </ClCompile>
    <ClCompile Include="CResource.cpp">
      <Filter>06.Resource</Filter>
    </ClCompile>
    <ClCompile Include="CSingleton.cpp">
      <Filter>02.Util</Filter>
    </ClCompile>
    <ClCompile Include="CRenderManager.cpp">
      <Filter>01.Engine\Manager</Filter>
    </ClCompile>
    <ClCompile Include="CD2DImage.cpp">
      <Filter>06.Resource</Filter>
    </ClCompile>
    <ClCompile Include="CSceneStart.cpp">
      <Filter>05.Scene</Filter>
    </ClCompile>
    <ClCompile Include="CSceneTool.cpp">
      <Filter>05.Scene</Filter>
    </ClCompile>
    <ClCompile Include="CSceneInGame.cpp">
      <Filter>05.Scene</Filter>
    </ClCompile>
    <ClCompile Include="CUICursor.cpp">
      <Filter>03.GameObject\UI</Filter>
    </ClCompile>
    <ClCompile Include="CPlayer.cpp">
      <Filter>03.GameObject\Object\Player</Filter>
    </ClCompile>
    <ClCompile Include="CState.cpp">
      <Filter>04.Component\State</Filter>
    </ClCompile>
    <ClCompile Include="CGameManager.cpp">
      <Filter>01.Engine\Manager</Filter>
    </ClCompile>
    <ClCompile Include="CEnemyBoss.cpp">
      <Filter>03.GameObject\Object\Enemy</Filter>
    </ClCompile>
    <ClCompile Include="CEnemyMelee.cpp">
      <Filter>03.GameObject\Object\Enemy</Filter>
    </ClCompile>
    <ClCompile Include="CEnemyRange.cpp">
      <Filter>03.GameObject\Object\Enemy</Filter>
    </ClCompile>
    <ClCompile Include="CGate.cpp">
      <Filter>03.GameObject\Object\MapObject</Filter>
    </ClCompile>
    <ClCompile Include="CMapObject.cpp">
      <Filter>03.GameObject\Object\MapObject</Filter>
    </ClCompile>
    <ClCompile Include="CEnemy.cpp">
      <Filter>03.GameObject\Object\Enemy</Filter>
    </ClCompile>
    <ClCompile Include="CEffect.cpp">
      <Filter>03.GameObject\Object\Effect</Filter>
    </ClCompile>
    <ClCompile Include="CUITileBtn.cpp">
      <Filter>03.GameObject\UI</Filter>
    </ClCompile>
    <ClCompile Include="CUIImage.cpp">
      <Filter>03.GameObject\UI</Filter>
    </ClCompile>
    <ClCompile Include="CUIText.cpp">
      <Filter>03.GameObject\UI</Filter>
    </ClCompile>
    <ClCompile Include="CProjectile.cpp">
      <Filter>03.GameObject\FuncObj</Filter>
    </ClCompile>
    <ClCompile Include="CMeleeAttack.cpp">
      <Filter>03.GameObject\FuncObj</Filter>
    </ClCompile>
    <ClCompile Include="CAttack.cpp">
      <Filter>03.GameObject\FuncObj</Filter>
    </ClCompile>
    <ClCompile Include="CSceneBoss.cpp">
      <Filter>05.Scene</Filter>
    </ClCompile>
    <ClCompile Include="CBossState.cpp">
      <Filter>04.Component\State\BossState</Filter>
    </ClCompile>
    <ClCompile Include="CBossStateIdle.cpp">
      <Filter>04.Component\State\BossState</Filter>
    </ClCompile>
    <ClCompile Include="CBossStateSlam.cpp">
      <Filter>04.Component\State\BossState</Filter>
    </ClCompile>
    <ClCompile Include="CBossStateSweep.cpp">
      <Filter>04.Component\State\BossState</Filter>
    </ClCompile>
    <ClCompile Include="CBossStateChange.cpp">
      <Filter>04.Component\State\BossState</Filter>
    </ClCompile>
    <ClCompile Include="CBossStateBomb.cpp">
      <Filter>04.Component\State\BossState</Filter>
    </ClCompile>
    <ClCompile Include="CBossStateIdleP2.cpp">
      <Filter>04.Component\State\BossState</Filter>
    </ClCompile>
    <ClCompile Include="CHealthBar.cpp">
      <Filter>04.Component</Filter>
    </ClCompile>
    <ClCompile Include="CBossStateDie.cpp">
      <Filter>04.Component\State\BossState</Filter>
    </ClCompile>
    <ClCompile Include="CHunter.cpp">
      <Filter>03.GameObject\Object\Player</Filter>
    </ClCompile>
    <ClCompile Include="CEnemyStateAppear.cpp">
      <Filter>04.Component\State\EnemyState</Filter>
    </ClCompile>
    <ClCompile Include="CEnemyStateAttack.cpp">
      <Filter>04.Component\State\EnemyState</Filter>
    </ClCompile>
    <ClCompile Include="CEnemyStateDie.cpp">
      <Filter>04.Component\State\EnemyState</Filter>
    </ClCompile>
    <ClCompile Include="CEnemyStateFall.cpp">
      <Filter>04.Component\State\EnemyState</Filter>
    </ClCompile>
    <ClCompile Include="CEnemyStateIdle.cpp">
      <Filter>04.Component\State\EnemyState</Filter>
    </ClCompile>
    <ClCompile Include="CEnemyStateTrace.cpp">
      <Filter>04.Component\State\EnemyState</Filter>
    </ClCompile>
    <ClCompile Include="CPlayerState.cpp">
      <Filter>04.Component\State\PlayerState</Filter>
    </ClCompile>
    <ClCompile Include="CPlayerStateIdle.cpp">
      <Filter>04.Component\State\PlayerState</Filter>
    </ClCompile>
    <ClCompile Include="CPlayerStateJump.cpp">
      <Filter>04.Component\State\PlayerState</Filter>
    </ClCompile>
    <ClCompile Include="CPlayerStateMove.cpp">
      <Filter>04.Component\State\PlayerState</Filter>
    </ClCompile>
    <ClCompile Include="CPlayerStateFall.cpp">
      <Filter>04.Component\State\PlayerState</Filter>
    </ClCompile>
    <ClCompile Include="CPlayerStateJumpAttack.cpp">
      <Filter>04.Component\State\PlayerState</Filter>
    </ClCompile>
    <ClCompile Include="CPlayerStateSkillA.cpp">
      <Filter>04.Component\State\PlayerState</Filter>
    </ClCompile>
    <ClCompile Include="CPlayerStateSkillB.cpp">
      <Filter>04.Component\State\PlayerState</Filter>
    </ClCompile>
    <ClCompile Include="CPlayerStateAttack.cpp">
      <Filter>04.Component\State\PlayerState</Filter>
    </ClCompile>
    <ClCompile Include="CPlayerStateDash.cpp">
      <Filter>04.Component\State\PlayerState</Filter>
    </ClCompile>
    <ClCompile Include="CEnemyState.cpp">
      <Filter>04.Component\State\EnemyState</Filter>
    </ClCompile>
    <ClCompile Include="CImageObj.cpp">
      <Filter>03.GameObject\Object\Other</Filter>
    </ClCompile>
    <ClCompile Include="CLineObj.cpp">
      <Filter>03.GameObject\Object\Other</Filter>
    </ClCompile>
    <ClCompile Include="CObject.cpp">
      <Filter>03.GameObject\Object\Other</Filter>
    </ClCompile>
    <ClCompile Include="CTextObj.cpp">
      <Filter>03.GameObject\Object\Other</Filter>
    </ClCompile>
    <ClCompile Include="CLittleBorn.cpp">
      <Filter>03.GameObject\Object\Player</Filter>
    </ClCompile>
    <ClCompile Include="CArrow.cpp">
      <Filter>03.GameObject\FuncObj</Filter>
    </ClCompile>
    <ClCompile Include="CBall.cpp">
      <Filter>03.GameObject\FuncObj</Filter>
    </ClCompile>
    <ClCompile Include="CSfx.cpp">
      <Filter>03.GameObject\Object\Effect</Filter>
    </ClCompile>
    <ClCompile Include="CVfx.cpp">
      <Filter>03.GameObject\Object\Effect</Filter>
    </ClCompile>
    <ClCompile Include="CObjGenerator.cpp">
      <Filter>03.GameObject\Object\Other</Filter>
    </ClCompile>
    <ClCompile Include="CItem.cpp">
      <Filter>03.GameObject\Object\Item</Filter>
    </ClCompile>
    <ClCompile Include="CBorn.cpp">
      <Filter>03.GameObject\Object\Item</Filter>
    </ClCompile>
  </ItemGroup>
  <ItemGroup>
    <ResourceCompile Include="WinAPI_Skul.rc">
      <Filter>리소스 파일</Filter>
    </ResourceCompile>
  </ItemGroup>
  <ItemGroup>
    <Image Include="small.ico">
      <Filter>리소스 파일</Filter>
    </Image>
    <Image Include="WinAPI_Skul.ico">
      <Filter>리소스 파일</Filter>
    </Image>
  </ItemGroup>
</Project>